# This file is auto-generated by cowork. Do not edit manually.

version = 1

[[package]]
name = "coding-guidelines"
version = "20260429.154823"
source = "dev"
scope = "global"
type = "symlink"
install_path = "/home/martijn/.claude/skills/coding-guidelines"
source_path = "/home/martijn/.cowork/repos/rust-skills/skills/coding-guidelines"
installed_at = "2026-04-29T15:48:23.390351964Z"
updated_at = "2026-04-29T15:48:23.390351964Z"
enabled = true

[[package]]
name = "core-actionbook"
version = "20260429.154823"
source = "dev"
scope = "global"
type = "symlink"
install_path = "/home/martijn/.claude/skills/core-actionbook"
source_path = "/home/martijn/.cowork/repos/rust-skills/skills/core-actionbook"
installed_at = "2026-04-29T15:48:23.391314120Z"
updated_at = "2026-04-29T15:48:23.391314120Z"
enabled = true

[[package]]
name = "core-agent-browser"
version = "20260429.154823"
source = "dev"
scope = "global"
type = "symlink"
install_path = "/home/martijn/.claude/skills/core-agent-browser"
source_path = "/home/martijn/.cowork/repos/rust-skills/skills/core-agent-browser"
installed_at = "2026-04-29T15:48:23.390832782Z"
updated_at = "2026-04-29T15:48:23.390832782Z"
enabled = true

[[package]]
name = "core-dynamic-skills"
version = "20260429.154823"
source = "dev"
scope = "global"
type = "symlink"
install_path = "/home/martijn/.claude/skills/core-dynamic-skills"
source_path = "/home/martijn/.cowork/repos/rust-skills/skills/core-dynamic-skills"
installed_at = "2026-04-29T15:48:23.390902602Z"
updated_at = "2026-04-29T15:48:23.390902602Z"
enabled = true

[[package]]
name = "core-fix-skill-docs"
version = "20260429.154823"
source = "dev"
scope = "global"
type = "symlink"
install_path = "/home/martijn/.claude/skills/core-fix-skill-docs"
source_path = "/home/martijn/.cowork/repos/rust-skills/skills/core-fix-skill-docs"
installed_at = "2026-04-29T15:48:23.391509164Z"
updated_at = "2026-04-29T15:48:23.391509164Z"
enabled = true

[[package]]
name = "domain-cli"
version = "20260429.154823"
source = "dev"
scope = "global"
type = "symlink"
install_path = "/home/martijn/.claude/skills/domain-cli"
source_path = "/home/martijn/.cowork/repos/rust-skills/skills/domain-cli"
installed_at = "2026-04-29T15:48:23.389863442Z"
updated_at = "2026-04-29T15:48:23.389863442Z"
enabled = true

[[package]]
name = "domain-cloud-native"
version = "20260429.154823"
source = "dev"
scope = "global"
type = "symlink"
install_path = "/home/martijn/.claude/skills/domain-cloud-native"
source_path = "/home/martijn/.cowork/repos/rust-skills/skills/domain-cloud-native"
installed_at = "2026-04-29T15:48:23.391764471Z"
updated_at = "2026-04-29T15:48:23.391764471Z"
enabled = true

[[package]]
name = "domain-embedded"
version = "20260429.154823"
source = "dev"
scope = "global"
type = "symlink"
install_path = "/home/martijn/.claude/skills/domain-embedded"
source_path = "/home/martijn/.cowork/repos/rust-skills/skills/domain-embedded"
installed_at = "2026-04-29T15:48:23.389762474Z"
updated_at = "2026-04-29T15:48:23.389762474Z"
enabled = true

[[package]]
name = "domain-fintech"
version = "20260429.154823"
source = "dev"
scope = "global"
type = "symlink"
install_path = "/home/martijn/.claude/skills/domain-fintech"
source_path = "/home/martijn/.cowork/repos/rust-skills/skills/domain-fintech"
installed_at = "2026-04-29T15:48:23.390594236Z"
updated_at = "2026-04-29T15:48:23.390594236Z"
enabled = true

[[package]]
name = "domain-iot"
version = "20260429.154823"
source = "dev"
scope = "global"
type = "symlink"
install_path = "/home/martijn/.claude/skills/domain-iot"
source_path = "/home/martijn/.cowork/repos/rust-skills/skills/domain-iot"
installed_at = "2026-04-29T15:48:23.391703367Z"
updated_at = "2026-04-29T15:48:23.391703367Z"
enabled = true

[[package]]
name = "domain-ml"
version = "20260429.154823"
source = "dev"
scope = "global"
type = "symlink"
install_path = "/home/martijn/.claude/skills/domain-ml"
source_path = "/home/martijn/.cowork/repos/rust-skills/skills/domain-ml"
installed_at = "2026-04-29T15:48:23.389698935Z"
updated_at = "2026-04-29T15:48:23.389698935Z"
enabled = true

[[package]]
name = "domain-web"
version = "20260429.154823"
source = "dev"
scope = "global"
type = "symlink"
install_path = "/home/martijn/.claude/skills/domain-web"
source_path = "/home/martijn/.cowork/repos/rust-skills/skills/domain-web"
installed_at = "2026-04-29T15:48:23.391188135Z"
updated_at = "2026-04-29T15:48:23.391188135Z"
enabled = true

[[package]]
name = "m01-ownership"
version = "20260429.154823"
source = "dev"
scope = "global"
type = "symlink"
install_path = "/home/martijn/.claude/skills/m01-ownership"
source_path = "/home/martijn/.cowork/repos/rust-skills/skills/m01-ownership"
installed_at = "2026-04-29T15:48:23.391828500Z"
updated_at = "2026-04-29T15:48:23.391828500Z"
enabled = true

[[package]]
name = "m02-resource"
version = "20260429.154823"
source = "dev"
scope = "global"
type = "symlink"
install_path = "/home/martijn/.claude/skills/m02-resource"
source_path = "/home/martijn/.cowork/repos/rust-skills/skills/m02-resource"
installed_at = "2026-04-29T15:48:23.391142780Z"
updated_at = "2026-04-29T15:48:23.391142780Z"
enabled = true

[[package]]
name = "m03-mutability"
version = "20260429.154823"
source = "dev"
scope = "global"
type = "symlink"
install_path = "/home/martijn/.claude/skills/m03-mutability"
source_path = "/home/martijn/.cowork/repos/rust-skills/skills/m03-mutability"
installed_at = "2026-04-29T15:48:23.390771938Z"
updated_at = "2026-04-29T15:48:23.390771938Z"
enabled = true

[[package]]
name = "m04-zero-cost"
version = "20260429.154823"
source = "dev"
scope = "global"
type = "symlink"
install_path = "/home/martijn/.claude/skills/m04-zero-cost"
source_path = "/home/martijn/.cowork/repos/rust-skills/skills/m04-zero-cost"
installed_at = "2026-04-29T15:48:23.391653233Z"
updated_at = "2026-04-29T15:48:23.391653233Z"
enabled = true

[[package]]
name = "m05-type-driven"
version = "20260429.154823"
source = "dev"
scope = "global"
type = "symlink"
install_path = "/home/martijn/.claude/skills/m05-type-driven"
source_path = "/home/martijn/.cowork/repos/rust-skills/skills/m05-type-driven"
installed_at = "2026-04-29T15:48:23.390966672Z"
updated_at = "2026-04-29T15:48:23.390966672Z"
enabled = true

[[package]]
name = "m06-error-handling"
version = "20260429.154823"
source = "dev"
scope = "global"
type = "symlink"
install_path = "/home/martijn/.claude/skills/m06-error-handling"
source_path = "/home/martijn/.cowork/repos/rust-skills/skills/m06-error-handling"
installed_at = "2026-04-29T15:48:23.390458503Z"
updated_at = "2026-04-29T15:48:23.390458503Z"
enabled = true

[[package]]
name = "m07-concurrency"
version = "20260429.154823"
source = "dev"
scope = "global"
type = "symlink"
install_path = "/home/martijn/.claude/skills/m07-concurrency"
source_path = "/home/martijn/.cowork/repos/rust-skills/skills/m07-concurrency"
installed_at = "2026-04-29T15:48:23.391583082Z"
updated_at = "2026-04-29T15:48:23.391583082Z"
enabled = true

[[package]]
name = "m09-domain"
version = "20260429.154823"
source = "dev"
scope = "global"
type = "symlink"
install_path = "/home/martijn/.claude/skills/m09-domain"
source_path = "/home/martijn/.cowork/repos/rust-skills/skills/m09-domain"
installed_at = "2026-04-29T15:48:23.390096247Z"
updated_at = "2026-04-29T15:48:23.390096247Z"
enabled = true

[[package]]
name = "m10-performance"
version = "20260429.154823"
source = "dev"
scope = "global"
type = "symlink"
install_path = "/home/martijn/.claude/skills/m10-performance"
source_path = "/home/martijn/.cowork/repos/rust-skills/skills/m10-performance"
installed_at = "2026-04-29T15:48:23.391377979Z"
updated_at = "2026-04-29T15:48:23.391377979Z"
enabled = true

[[package]]
name = "m11-ecosystem"
version = "20260429.154823"
source = "dev"
scope = "global"
type = "symlink"
install_path = "/home/martijn/.claude/skills/m11-ecosystem"
source_path = "/home/martijn/.cowork/repos/rust-skills/skills/m11-ecosystem"
installed_at = "2026-04-29T15:48:23.391095181Z"
updated_at = "2026-04-29T15:48:23.391095181Z"
enabled = true

[[package]]
name = "m12-lifecycle"
version = "20260429.154823"
source = "dev"
scope = "global"
type = "symlink"
install_path = "/home/martijn/.claude/skills/m12-lifecycle"
source_path = "/home/martijn/.cowork/repos/rust-skills/skills/m12-lifecycle"
installed_at = "2026-04-29T15:48:23.389822666Z"
updated_at = "2026-04-29T15:48:23.389822666Z"
enabled = true

[[package]]
name = "m13-domain-error"
version = "20260429.154823"
source = "dev"
scope = "global"
type = "symlink"
install_path = "/home/martijn/.claude/skills/m13-domain-error"
source_path = "/home/martijn/.cowork/repos/rust-skills/skills/m13-domain-error"
installed_at = "2026-04-29T15:48:23.390527001Z"
updated_at = "2026-04-29T15:48:23.390527001Z"
enabled = true

[[package]]
name = "m14-mental-model"
version = "20260429.154823"
source = "dev"
scope = "global"
type = "symlink"
install_path = "/home/martijn/.claude/skills/m14-mental-model"
source_path = "/home/martijn/.cowork/repos/rust-skills/skills/m14-mental-model"
installed_at = "2026-04-29T15:48:23.391251664Z"
updated_at = "2026-04-29T15:48:23.391251664Z"
enabled = true

[[package]]
name = "m15-anti-pattern"
version = "20260429.154823"
source = "dev"
scope = "global"
type = "symlink"
install_path = "/home/martijn/.claude/skills/m15-anti-pattern"
source_path = "/home/martijn/.cowork/repos/rust-skills/skills/m15-anti-pattern"
installed_at = "2026-04-29T15:48:23.389929516Z"
updated_at = "2026-04-29T15:48:23.389929516Z"
enabled = true

[[package]]
name = "meta-cognition-parallel"
version = "20260429.154823"
source = "dev"
scope = "global"
type = "symlink"
install_path = "/home/martijn/.claude/skills/meta-cognition-parallel"
source_path = "/home/martijn/.cowork/repos/rust-skills/skills/meta-cognition-parallel"
installed_at = "2026-04-29T15:48:23.390715413Z"
updated_at = "2026-04-29T15:48:23.390715413Z"
enabled = true

[[package]]
name = "rust-call-graph"
version = "20260429.154823"
source = "dev"
scope = "global"
type = "symlink"
install_path = "/home/martijn/.claude/skills/rust-call-graph"
source_path = "/home/martijn/.cowork/repos/rust-skills/skills/rust-call-graph"
installed_at = "2026-04-29T15:48:23.390159876Z"
updated_at = "2026-04-29T15:48:23.390159876Z"
enabled = true

[[package]]
name = "rust-code-navigator"
version = "20260429.154823"
source = "dev"
scope = "global"
type = "symlink"
install_path = "/home/martijn/.claude/skills/rust-code-navigator"
source_path = "/home/martijn/.cowork/repos/rust-skills/skills/rust-code-navigator"
installed_at = "2026-04-29T15:48:23.391030781Z"
updated_at = "2026-04-29T15:48:23.391030781Z"
enabled = true

[[package]]
name = "rust-daily"
version = "20260429.154823"
source = "dev"
scope = "global"
type = "symlink"
install_path = "/home/martijn/.claude/skills/rust-daily"
source_path = "/home/martijn/.cowork/repos/rust-skills/skills/rust-daily"
installed_at = "2026-04-29T15:48:23.391878955Z"
updated_at = "2026-04-29T15:48:23.391878955Z"
enabled = true

[[package]]
name = "rust-deps-visualizer"
version = "20260429.154823"
source = "dev"
scope = "global"
type = "symlink"
install_path = "/home/martijn/.claude/skills/rust-deps-visualizer"
source_path = "/home/martijn/.cowork/repos/rust-skills/skills/rust-deps-visualizer"
installed_at = "2026-04-29T15:48:23.390657865Z"
updated_at = "2026-04-29T15:48:23.390657865Z"
enabled = true

[[package]]
name = "rust-learner"
version = "20260429.154823"
source = "dev"
scope = "global"
type = "symlink"
install_path = "/home/martijn/.claude/skills/rust-learner"
source_path = "/home/martijn/.cowork/repos/rust-skills/skills/rust-learner"
installed_at = "2026-04-29T15:48:23.389979439Z"
updated_at = "2026-04-29T15:48:23.389979439Z"
enabled = true

[[package]]
name = "rust-refactor-helper"
version = "20260429.154823"
source = "dev"
scope = "global"
type = "symlink"
install_path = "/home/martijn/.claude/skills/rust-refactor-helper"
source_path = "/home/martijn/.cowork/repos/rust-skills/skills/rust-refactor-helper"
installed_at = "2026-04-29T15:48:23.389160550Z"
updated_at = "2026-04-29T15:48:23.389160550Z"
enabled = true

[[package]]
name = "rust-router"
version = "20260429.154823"
source = "dev"
scope = "global"
type = "symlink"
install_path = "/home/martijn/.claude/skills/rust-router"
source_path = "/home/martijn/.cowork/repos/rust-skills/skills/rust-router"
installed_at = "2026-04-29T15:48:23.390400976Z"
updated_at = "2026-04-29T15:48:23.390400976Z"
enabled = true

[[package]]
name = "rust-skill-creator"
version = "20260429.154823"
source = "dev"
scope = "global"
type = "symlink"
install_path = "/home/martijn/.claude/skills/rust-skill-creator"
source_path = "/home/martijn/.cowork/repos/rust-skills/skills/rust-skill-creator"
installed_at = "2026-04-29T15:48:23.390225979Z"
updated_at = "2026-04-29T15:48:23.390225979Z"
enabled = true

[[package]]
name = "rust-symbol-analyzer"
version = "20260429.154823"
source = "dev"
scope = "global"
type = "symlink"
install_path = "/home/martijn/.claude/skills/rust-symbol-analyzer"
source_path = "/home/martijn/.cowork/repos/rust-skills/skills/rust-symbol-analyzer"
installed_at = "2026-04-29T15:48:23.390289638Z"
updated_at = "2026-04-29T15:48:23.390289638Z"
enabled = true

[[package]]
name = "rust-trait-explorer"
version = "20260429.154823"
source = "dev"
scope = "global"
type = "symlink"
install_path = "/home/martijn/.claude/skills/rust-trait-explorer"
source_path = "/home/martijn/.cowork/repos/rust-skills/skills/rust-trait-explorer"
installed_at = "2026-04-29T15:48:23.390046624Z"
updated_at = "2026-04-29T15:48:23.390046624Z"
enabled = true

[[package]]
name = "unsafe-checker"
version = "20260429.154823"
source = "dev"
scope = "global"
type = "symlink"
install_path = "/home/martijn/.claude/skills/unsafe-checker"
source_path = "/home/martijn/.cowork/repos/rust-skills/skills/unsafe-checker"
installed_at = "2026-04-29T15:48:23.391445505Z"
updated_at = "2026-04-29T15:48:23.391445505Z"
enabled = true
